
Microsoft Visual Studio Solution File, Format Version 12.00
# Visual Studio Version 17
VisualStudioVersion = 17.1.32328.378
MinimumVisualStudioVersion = 10.0.40219.1
Project("{9A19103F-16F7-4668-BE54-9A1E7A4F7556}") = "library-Api", "library-Api\library-Api.csproj", "{51741F1B-7968-447B-9E20-A8FD27F2427D}"
EndProject
Project("{9A19103F-16F7-4668-BE54-9A1E7A4F7556}") = "library-domain", "library-domain\library-domain.csproj", "{89795724-D08A-4E69-98DC-484F5474B443}"
EndProject
Project("{9A19103F-16F7-4668-BE54-9A1E7A4F7556}") = "library-infra", "library-infra\library-infra.csproj", "{1A8CD88C-E7A0-4F12-816E-B43650DC10EB}"
EndProject
Project("{9A19103F-16F7-4668-BE54-9A1E7A4F7556}") = "TestsLibraryApp", "TestsLibraryApp\TestsLibraryApp.csproj", "{7DDC9DE0-CB51-4A58-A239-2C1DEAE09D66}"
EndProject
Global
	GlobalSection(SolutionConfigurationPlatforms) = preSolution
		Debug|Any CPU = Debug|Any CPU
		Release|Any CPU = Release|Any CPU
	EndGlobalSection
	GlobalSection(ProjectConfigurationPlatforms) = postSolution
		{51741F1B-7968-447B-9E20-A8FD27F2427D}.Debug|Any CPU.ActiveCfg = Debug|Any CPU
		{51741F1B-7968-447B-9E20-A8FD27F2427D}.Debug|Any CPU.Build.0 = Debug|Any CPU
		{51741F1B-7968-447B-9E20-A8FD27F2427D}.Release|Any CPU.ActiveCfg = Release|Any CPU
		{51741F1B-7968-447B-9E20-A8FD27F2427D}.Release|Any CPU.Build.0 = Release|Any CPU
		{89795724-D08A-4E69-98DC-484F5474B443}.Debug|Any CPU.ActiveCfg = Debug|Any CPU
		{89795724-D08A-4E69-98DC-484F5474B443}.Debug|Any CPU.Build.0 = Debug|Any CPU
		{89795724-D08A-4E69-98DC-484F5474B443}.Release|Any CPU.ActiveCfg = Release|Any CPU
		{89795724-D08A-4E69-98DC-484F5474B443}.Release|Any CPU.Build.0 = Release|Any CPU
		{1A8CD88C-E7A0-4F12-816E-B43650DC10EB}.Debug|Any CPU.ActiveCfg = Debug|Any CPU
		{1A8CD88C-E7A0-4F12-816E-B43650DC10EB}.Debug|Any CPU.Build.0 = Debug|Any CPU
		{1A8CD88C-E7A0-4F12-816E-B43650DC10EB}.Release|Any CPU.ActiveCfg = Release|Any CPU
		{1A8CD88C-E7A0-4F12-816E-B43650DC10EB}.Release|Any CPU.Build.0 = Release|Any CPU
		{7DDC9DE0-CB51-4A58-A239-2C1DEAE09D66}.Debug|Any CPU.ActiveCfg = Debug|Any CPU
		{7DDC9DE0-CB51-4A58-A239-2C1DEAE09D66}.Debug|Any CPU.Build.0 = Debug|Any CPU
		{7DDC9DE0-CB51-4A58-A239-2C1DEAE09D66}.Release|Any CPU.ActiveCfg = Release|Any CPU
		{7DDC9DE0-CB51-4A58-A239-2C1DEAE09D66}.Release|Any CPU.Build.0 = Release|Any CPU
	EndGlobalSection
	GlobalSection(SolutionProperties) = preSolution
		HideSolutionNode = FALSE
	EndGlobalSection
	GlobalSection(ExtensibilityGlobals) = postSolution
		SolutionGuid = {97930813-2327-4FE4-BC71-E484A0925311}
	EndGlobalSection
EndGlobal
